
Microsoft Visual Studio Solution File, Format Version 12.00
# Visual Studio 14
VisualStudioVersion = 14.0.25420.1
MinimumVisualStudioVersion = 10.0.40219.1
Project("{FAE04EC0-301F-11D3-BF4B-00C04F79EFBC}") = "My.Demo.Common", "My.Demo.Common\My.Demo.Common.csproj", "{4949FB12-0A8A-4805-8739-6E685D7294AD}"
EndProject
Project("{FAE04EC0-301F-11D3-BF4B-00C04F79EFBC}") = "My.Demo.IBLL", "My.Demo.IBLL\My.Demo.IBLL.csproj", "{E70CF958-E798-499E-97C2-E55A2EE72600}"
EndProject
Project("{FAE04EC0-301F-11D3-BF4B-00C04F79EFBC}") = "My.Demo.BLL", "My.Demo.BLL\My.Demo.BLL.csproj", "{6AEC0EF0-4C3E-49CE-B23C-6E6CD774234C}"
EndProject
Project("{FAE04EC0-301F-11D3-BF4B-00C04F79EFBC}") = "MS.Demo.SDK", "My.Demo.SDK\MS.Demo.SDK.csproj", "{0B616B51-0CBC-4BA2-86A6-371E886E06F6}"
EndProject
Project("{FAE04EC0-301F-11D3-BF4B-00C04F79EFBC}") = "My.Demo.Api", "My.Demo.Api\My.Demo.Api.csproj", "{8EAACE63-EB9D-453D-AA7A-C0E72ACB3716}"
EndProject
Project("{FAE04EC0-301F-11D3-BF4B-00C04F79EFBC}") = "My.Demo.DAL", "My.Demo.DAL\My.Demo.DAL.csproj", "{2EBCBEAC-DBFA-4519-B73A-CB328675060F}"
EndProject
Project("{FAE04EC0-301F-11D3-BF4B-00C04F79EFBC}") = "My.Demo.IDAL", "My.Demo.IDAL\My.Demo.IDAL.csproj", "{8C802A87-A6FE-4CE6-8BD6-27F9370FCA4A}"
EndProject
Project("{FAE04EC0-301F-11D3-BF4B-00C04F79EFBC}") = "My.Demo.EntityModel", "My.Demo.EntityModel\My.Demo.EntityModel.csproj", "{DDE35177-4A82-45ED-800B-59E26453EEBE}"
EndProject
Global
	GlobalSection(SolutionConfigurationPlatforms) = preSolution
		Debug|Any CPU = Debug|Any CPU
		Release|Any CPU = Release|Any CPU
	EndGlobalSection
	GlobalSection(ProjectConfigurationPlatforms) = postSolution
		{4949FB12-0A8A-4805-8739-6E685D7294AD}.Debug|Any CPU.ActiveCfg = Debug|Any CPU
		{4949FB12-0A8A-4805-8739-6E685D7294AD}.Debug|Any CPU.Build.0 = Debug|Any CPU
		{4949FB12-0A8A-4805-8739-6E685D7294AD}.Release|Any CPU.ActiveCfg = Release|Any CPU
		{4949FB12-0A8A-4805-8739-6E685D7294AD}.Release|Any CPU.Build.0 = Release|Any CPU
		{E70CF958-E798-499E-97C2-E55A2EE72600}.Debug|Any CPU.ActiveCfg = Debug|Any CPU
		{E70CF958-E798-499E-97C2-E55A2EE72600}.Debug|Any CPU.Build.0 = Debug|Any CPU
		{E70CF958-E798-499E-97C2-E55A2EE72600}.Release|Any CPU.ActiveCfg = Release|Any CPU
		{E70CF958-E798-499E-97C2-E55A2EE72600}.Release|Any CPU.Build.0 = Release|Any CPU
		{6AEC0EF0-4C3E-49CE-B23C-6E6CD774234C}.Debug|Any CPU.ActiveCfg = Debug|Any CPU
		{6AEC0EF0-4C3E-49CE-B23C-6E6CD774234C}.Debug|Any CPU.Build.0 = Debug|Any CPU
		{6AEC0EF0-4C3E-49CE-B23C-6E6CD774234C}.Release|Any CPU.ActiveCfg = Release|Any CPU
		{6AEC0EF0-4C3E-49CE-B23C-6E6CD774234C}.Release|Any CPU.Build.0 = Release|Any CPU
		{0B616B51-0CBC-4BA2-86A6-371E886E06F6}.Debug|Any CPU.ActiveCfg = Debug|Any CPU
		{0B616B51-0CBC-4BA2-86A6-371E886E06F6}.Debug|Any CPU.Build.0 = Debug|Any CPU
		{0B616B51-0CBC-4BA2-86A6-371E886E06F6}.Release|Any CPU.ActiveCfg = Release|Any CPU
		{0B616B51-0CBC-4BA2-86A6-371E886E06F6}.Release|Any CPU.Build.0 = Release|Any CPU
		{8EAACE63-EB9D-453D-AA7A-C0E72ACB3716}.Debug|Any CPU.ActiveCfg = Debug|Any CPU
		{8EAACE63-EB9D-453D-AA7A-C0E72ACB3716}.Debug|Any CPU.Build.0 = Debug|Any CPU
		{8EAACE63-EB9D-453D-AA7A-C0E72ACB3716}.Release|Any CPU.ActiveCfg = Release|Any CPU
		{8EAACE63-EB9D-453D-AA7A-C0E72ACB3716}.Release|Any CPU.Build.0 = Release|Any CPU
		{2EBCBEAC-DBFA-4519-B73A-CB328675060F}.Debug|Any CPU.ActiveCfg = Debug|Any CPU
		{2EBCBEAC-DBFA-4519-B73A-CB328675060F}.Debug|Any CPU.Build.0 = Debug|Any CPU
		{2EBCBEAC-DBFA-4519-B73A-CB328675060F}.Release|Any CPU.ActiveCfg = Release|Any CPU
		{2EBCBEAC-DBFA-4519-B73A-CB328675060F}.Release|Any CPU.Build.0 = Release|Any CPU
		{8C802A87-A6FE-4CE6-8BD6-27F9370FCA4A}.Debug|Any CPU.ActiveCfg = Debug|Any CPU
		{8C802A87-A6FE-4CE6-8BD6-27F9370FCA4A}.Debug|Any CPU.Build.0 = Debug|Any CPU
		{8C802A87-A6FE-4CE6-8BD6-27F9370FCA4A}.Release|Any CPU.ActiveCfg = Release|Any CPU
		{8C802A87-A6FE-4CE6-8BD6-27F9370FCA4A}.Release|Any CPU.Build.0 = Release|Any CPU
		{DDE35177-4A82-45ED-800B-59E26453EEBE}.Debug|Any CPU.ActiveCfg = Debug|Any CPU
		{DDE35177-4A82-45ED-800B-59E26453EEBE}.Debug|Any CPU.Build.0 = Debug|Any CPU
		{DDE35177-4A82-45ED-800B-59E26453EEBE}.Release|Any CPU.ActiveCfg = Release|Any CPU
		{DDE35177-4A82-45ED-800B-59E26453EEBE}.Release|Any CPU.Build.0 = Release|Any CPU
	EndGlobalSection
	GlobalSection(SolutionProperties) = preSolution
		HideSolutionNode = FALSE
	EndGlobalSection
EndGlobal
